
Microsoft Visual Studio Solution File, Format Version 12.00
# Visual Studio Version 17
VisualStudioVersion = 17.5.33627.172
MinimumVisualStudioVersion = 10.0.40219.1
Project("{2150E333-8FDC-42A3-9474-1A3956D46DE8}") = "src", "src", "{F375BE05-3DDB-4F8F-8A09-D26C1469F993}"
EndProject
Project("{2150E333-8FDC-42A3-9474-1A3956D46DE8}") = "test", "test", "{8D823C49-5CF3-49BA-89BF-6FD37ECF16B8}"
EndProject
Project("{2150E333-8FDC-42A3-9474-1A3956D46DE8}") = "App", "App", "{F73FC88B-96D7-4069-BA54-7D1DDC397006}"
EndProject
Project("{2150E333-8FDC-42A3-9474-1A3956D46DE8}") = "Libraries", "Libraries", "{528A3D45-6C86-43DC-BA56-FBD5FEF07FC4}"
EndProject
Project("{2150E333-8FDC-42A3-9474-1A3956D46DE8}") = "Domain", "Domain", "{B63CAED1-2651-4452-B99C-AA8C7B68F379}"
EndProject
Project("{2150E333-8FDC-42A3-9474-1A3956D46DE8}") = "Infrastructure", "Infrastructure", "{FDA65DA3-5A22-4137-9D32-8A6CDF843A5C}"
EndProject
Project("{9A19103F-16F7-4668-BE54-9A1E7A4F7556}") = "Employee.Model", "Employee.Model\Employee.Model.csproj", "{8A55A310-6C78-452E-BBDA-9396643DE88C}"
EndProject
Project("{9A19103F-16F7-4668-BE54-9A1E7A4F7556}") = "Employee.Repository", "Employee.Repository\Employee.Repository.csproj", "{F60A28B5-3EFB-42E2-B30E-DADC6BA71862}"
EndProject
Project("{9A19103F-16F7-4668-BE54-9A1E7A4F7556}") = "Employee.Shared", "Employee.Share\Employee.Shared.csproj", "{6DC00AEC-BFB2-48BF-B66E-883819E7B59B}"
EndProject
Project("{9A19103F-16F7-4668-BE54-9A1E7A4F7556}") = "Employee.Core", "Employee.Core\Employee.Core.csproj", "{A61CC3FB-85A1-44AB-8898-59249273380F}"
EndProject
Project("{9A19103F-16F7-4668-BE54-9A1E7A4F7556}") = "Employee.Infrastructure", "Employee.Infrastructure\Employee.Infrastructure.csproj", "{4EC43C99-976E-418F-B5FA-49F7B54A3ED5}"
EndProject
Project("{9A19103F-16F7-4668-BE54-9A1E7A4F7556}") = "Employee.IoC.Configuration", "Employee.IoC.Configuration\Employee.IoC.Configuration.csproj", "{4FD10A91-ADCB-4714-8657-DCC0E403BB81}"
EndProject
Project("{9A19103F-16F7-4668-BE54-9A1E7A4F7556}") = "Employee.Service.Model", "Employee.Service.Model\Employee.Service.Model.csproj", "{FE272749-AE60-469E-9305-F7346EEE2EBE}"
EndProject
Project("{FAE04EC0-301F-11D3-BF4B-00C04F79EFBC}") = "Employee.Backend", "Employee.Backend\Employee.Backend.csproj", "{4FB981E2-6941-459A-B580-95753BB137FE}"
EndProject
Global
	GlobalSection(SolutionConfigurationPlatforms) = preSolution
		Debug|Any CPU = Debug|Any CPU
		Release|Any CPU = Release|Any CPU
	EndGlobalSection
	GlobalSection(ProjectConfigurationPlatforms) = postSolution
		{8A55A310-6C78-452E-BBDA-9396643DE88C}.Debug|Any CPU.ActiveCfg = Debug|Any CPU
		{8A55A310-6C78-452E-BBDA-9396643DE88C}.Debug|Any CPU.Build.0 = Debug|Any CPU
		{8A55A310-6C78-452E-BBDA-9396643DE88C}.Release|Any CPU.ActiveCfg = Release|Any CPU
		{8A55A310-6C78-452E-BBDA-9396643DE88C}.Release|Any CPU.Build.0 = Release|Any CPU
		{F60A28B5-3EFB-42E2-B30E-DADC6BA71862}.Debug|Any CPU.ActiveCfg = Debug|Any CPU
		{F60A28B5-3EFB-42E2-B30E-DADC6BA71862}.Debug|Any CPU.Build.0 = Debug|Any CPU
		{F60A28B5-3EFB-42E2-B30E-DADC6BA71862}.Release|Any CPU.ActiveCfg = Release|Any CPU
		{F60A28B5-3EFB-42E2-B30E-DADC6BA71862}.Release|Any CPU.Build.0 = Release|Any CPU
		{6DC00AEC-BFB2-48BF-B66E-883819E7B59B}.Debug|Any CPU.ActiveCfg = Debug|Any CPU
		{6DC00AEC-BFB2-48BF-B66E-883819E7B59B}.Debug|Any CPU.Build.0 = Debug|Any CPU
		{6DC00AEC-BFB2-48BF-B66E-883819E7B59B}.Release|Any CPU.ActiveCfg = Release|Any CPU
		{6DC00AEC-BFB2-48BF-B66E-883819E7B59B}.Release|Any CPU.Build.0 = Release|Any CPU
		{A61CC3FB-85A1-44AB-8898-59249273380F}.Debug|Any CPU.ActiveCfg = Debug|Any CPU
		{A61CC3FB-85A1-44AB-8898-59249273380F}.Debug|Any CPU.Build.0 = Debug|Any CPU
		{A61CC3FB-85A1-44AB-8898-59249273380F}.Release|Any CPU.ActiveCfg = Release|Any CPU
		{A61CC3FB-85A1-44AB-8898-59249273380F}.Release|Any CPU.Build.0 = Release|Any CPU
		{4EC43C99-976E-418F-B5FA-49F7B54A3ED5}.Debug|Any CPU.ActiveCfg = Debug|Any CPU
		{4EC43C99-976E-418F-B5FA-49F7B54A3ED5}.Debug|Any CPU.Build.0 = Debug|Any CPU
		{4EC43C99-976E-418F-B5FA-49F7B54A3ED5}.Release|Any CPU.ActiveCfg = Release|Any CPU
		{4EC43C99-976E-418F-B5FA-49F7B54A3ED5}.Release|Any CPU.Build.0 = Release|Any CPU
		{4FD10A91-ADCB-4714-8657-DCC0E403BB81}.Debug|Any CPU.ActiveCfg = Debug|Any CPU
		{4FD10A91-ADCB-4714-8657-DCC0E403BB81}.Debug|Any CPU.Build.0 = Debug|Any CPU
		{4FD10A91-ADCB-4714-8657-DCC0E403BB81}.Release|Any CPU.ActiveCfg = Release|Any CPU
		{4FD10A91-ADCB-4714-8657-DCC0E403BB81}.Release|Any CPU.Build.0 = Release|Any CPU
		{FE272749-AE60-469E-9305-F7346EEE2EBE}.Debug|Any CPU.ActiveCfg = Debug|Any CPU
		{FE272749-AE60-469E-9305-F7346EEE2EBE}.Debug|Any CPU.Build.0 = Debug|Any CPU
		{FE272749-AE60-469E-9305-F7346EEE2EBE}.Release|Any CPU.ActiveCfg = Release|Any CPU
		{FE272749-AE60-469E-9305-F7346EEE2EBE}.Release|Any CPU.Build.0 = Release|Any CPU
		{4FB981E2-6941-459A-B580-95753BB137FE}.Debug|Any CPU.ActiveCfg = Debug|Any CPU
		{4FB981E2-6941-459A-B580-95753BB137FE}.Debug|Any CPU.Build.0 = Debug|Any CPU
		{4FB981E2-6941-459A-B580-95753BB137FE}.Release|Any CPU.ActiveCfg = Release|Any CPU
		{4FB981E2-6941-459A-B580-95753BB137FE}.Release|Any CPU.Build.0 = Release|Any CPU
	EndGlobalSection
	GlobalSection(SolutionProperties) = preSolution
		HideSolutionNode = FALSE
	EndGlobalSection
	GlobalSection(NestedProjects) = preSolution
		{F73FC88B-96D7-4069-BA54-7D1DDC397006} = {F375BE05-3DDB-4F8F-8A09-D26C1469F993}
		{528A3D45-6C86-43DC-BA56-FBD5FEF07FC4} = {F375BE05-3DDB-4F8F-8A09-D26C1469F993}
		{B63CAED1-2651-4452-B99C-AA8C7B68F379} = {528A3D45-6C86-43DC-BA56-FBD5FEF07FC4}
		{FDA65DA3-5A22-4137-9D32-8A6CDF843A5C} = {528A3D45-6C86-43DC-BA56-FBD5FEF07FC4}
		{8A55A310-6C78-452E-BBDA-9396643DE88C} = {B63CAED1-2651-4452-B99C-AA8C7B68F379}
		{F60A28B5-3EFB-42E2-B30E-DADC6BA71862} = {B63CAED1-2651-4452-B99C-AA8C7B68F379}
		{6DC00AEC-BFB2-48BF-B66E-883819E7B59B} = {B63CAED1-2651-4452-B99C-AA8C7B68F379}
		{A61CC3FB-85A1-44AB-8898-59249273380F} = {FDA65DA3-5A22-4137-9D32-8A6CDF843A5C}
		{4EC43C99-976E-418F-B5FA-49F7B54A3ED5} = {FDA65DA3-5A22-4137-9D32-8A6CDF843A5C}
		{4FD10A91-ADCB-4714-8657-DCC0E403BB81} = {FDA65DA3-5A22-4137-9D32-8A6CDF843A5C}
		{FE272749-AE60-469E-9305-F7346EEE2EBE} = {FDA65DA3-5A22-4137-9D32-8A6CDF843A5C}
		{4FB981E2-6941-459A-B580-95753BB137FE} = {F73FC88B-96D7-4069-BA54-7D1DDC397006}
	EndGlobalSection
	GlobalSection(ExtensibilityGlobals) = postSolution
		SolutionGuid = {9B3BF594-BDC3-4C4F-9266-7DAB9E9F774C}
	EndGlobalSection
EndGlobal
